
Microsoft Visual Studio Solution File, Format Version 12.00
# Visual Studio 15
VisualStudioVersion = 15.0.26730.10
MinimumVisualStudioVersion = 10.0.40219.1
Project("{FAE04EC0-301F-11D3-BF4B-00C04F79EFBC}") = "Presentation", "Presentation\Presentation.csproj", "{A8B6632A-9871-4D69-9335-8979E355DF75}"
EndProject
Project("{FAE04EC0-301F-11D3-BF4B-00C04F79EFBC}") = "Models", "Models\Models.csproj", "{0AAE6AAB-7B26-488B-B663-DAD4AA53D6BD}"
EndProject
Global
	GlobalSection(SolutionConfigurationPlatforms) = preSolution
		Debug|Any CPU = Debug|Any CPU
		Release|Any CPU = Release|Any CPU
	EndGlobalSection
	GlobalSection(ProjectConfigurationPlatforms) = postSolution
		{A8B6632A-9871-4D69-9335-8979E355DF75}.Debug|Any CPU.ActiveCfg = Debug|Any CPU
		{A8B6632A-9871-4D69-9335-8979E355DF75}.Debug|Any CPU.Build.0 = Debug|Any CPU
		{A8B6632A-9871-4D69-9335-8979E355DF75}.Release|Any CPU.ActiveCfg = Release|Any CPU
		{A8B6632A-9871-4D69-9335-8979E355DF75}.Release|Any CPU.Build.0 = Release|Any CPU
		{0AAE6AAB-7B26-488B-B663-DAD4AA53D6BD}.Debug|Any CPU.ActiveCfg = Debug|Any CPU
		{0AAE6AAB-7B26-488B-B663-DAD4AA53D6BD}.Debug|Any CPU.Build.0 = Debug|Any CPU
		{0AAE6AAB-7B26-488B-B663-DAD4AA53D6BD}.Release|Any CPU.ActiveCfg = Release|Any CPU
		{0AAE6AAB-7B26-488B-B663-DAD4AA53D6BD}.Release|Any CPU.Build.0 = Release|Any CPU
	EndGlobalSection
	GlobalSection(SolutionProperties) = preSolution
		HideSolutionNode = FALSE
	EndGlobalSection
	GlobalSection(ExtensibilityGlobals) = postSolution
		SolutionGuid = {78C001C9-D301-4981-BDCB-72A1E78515F8}
	EndGlobalSection
EndGlobal
